github.com/davecgh/go-spew v1.1.0 h1:ZDRjVQ15GmhC3fiQ8ni8+OwkZQO4DARzQgrnXU1Liz8=
github.com/davecgh/go-spew v1.1.0/go.mod h1:J7Y8YcW2NihsgmVo/mv3lAwl/skON4iLHjSsI+c5H38=
github.com/davecgh/go-spew v1.1.1 h1:vj9j/u1bqnvCEfJOwUhtlOARqs3+rkHYY13jYWTU97c=
github.com/davecgh/go-spew v1.1.1/go.mod h1:J7Y8YcW2NihsgmVo/mv3lAwl/skON4iLHjSsI+c5H38=
github.com/peterzeller/go-fun v0.0.0-20220402182456-1375b730720f h1:gbWiPFAnDgCG6h3w9ZX7XuR+pKKwvNUvUtmsbHFGHPk=
github.com/peterzeller/go-fun v0.0.0-20220402182456-1375b730720f/go.mod h1:VFTb+doHRO3D3EZnW5Qm6gNznJl8+8Ps/3vCnsQ2P78=
github.com/peterzeller/go-fun v0.0.0-20220403165702-5fa6bd38144e h1:agV0moh63CcV64J24K5mkD99sbgLUggxR5wVDm3SDDU=
github.com/peterzeller/go-fun v0.0.0-20220403165702-5fa6bd38144e/go.mod h1:VFTb+doHRO3D3EZnW5Qm6gNznJl8+8Ps/3vCnsQ2P78=
github.com/peterzeller/go-fun v0.0.0-20220403180724-4ae76dc8dca9 h1:bSCmoIBm6tyHmx9/fC33CcsjOYxCSr2nNGMLcMWtcKw=
github.com/peterzeller/go-fun v0.0.0-20220403180724-4ae76dc8dca9/go.mod h1:VFTb+doHRO3D3EZnW5Qm6gNznJl8+8Ps/3vCnsQ2P78=
github.com/peterzeller/go-fun v0.0.0-20220409175953-b17b0d6b9d3e h1:UyNsppemktBe+gooWsquan5Vf/wqwsld+ucAvV7kxHA=
github.com/peterzeller/go-fun v0.0.0-20220409175953-b17b0d6b9d3e/go.mod h1:VFTb+doHRO3D3EZnW5Qm6gNznJl8+8Ps/3vCnsQ2P78=
github.com/peterzeller/go-fun v0.0.0-20220412212736-df597bcc84b6 h1:eau2tXFtB0+e+aomnwWA8mRhYgRepWDhFPM8unaW19Y=
github.com/peterzeller/go-fun v0.0.0-20220412212736-df597bcc84b6/go.mod h1:VFTb+doHRO3D3EZnW5Qm6gNznJl8+8Ps/3vCnsQ2P78=
github.com/pmezard/go-difflib v1.0.0 h1:4DBwDE0NGyQoBHbLQYPwSUPoCMWR5BEzIk/f1lZbAQM=
github.com/pmezard/go-difflib v1.0.0/go.mod h1:iKH77koFhYxTK1pcRnkKkqfTogsbg7gZNVY4sRDYZ/4=
github.com/stretchr/objx v0.1.0 h1:4G4v2dO3VZwixGIRoQ5Lfboy6nUhCyYzaqnIAPPhYs4=
github.com/stretchr/objx v0.1.0/go.mod h1:HFkY916IF+rwdDfMAkV7OtwuqBVzrE8GR6GFx+wExME=
github.com/stretchr/testify v1.7.0 h1:nwc3DEeHmmLAfoZucVR881uASk0Mfjw8xYJ99tb5CcY=
github.com/stretchr/testify v1.7.0/go.mod h1:6Fq8oRcR53rry900zMqJjRRixrwX3KX962/h/Wwjteg=
github.com/stretchr/testify v1.7.1 h1:5TQK59W5E3v0r2duFAb7P95B6hEeOyEnHRa8MjYSMTY=
github.com/stretchr/testify v1.7.1/go.mod h1:6Fq8oRcR53rry900zMqJjRRixrwX3KX962/h/Wwjteg=
gopkg.in/check.v1 v0.0.0-20161208181325-20d25e280405 h1:yhCVgyC4o1eVCa2tZl7eS0r+SDo693bJlVdllGtEeKM=
gopkg.in/check.v1 v0.0.0-20161208181325-20d25e280405/go.mod h1:Co6ibVJAznAaIkqp8huTwlJQCZ016jof/cbN4VW5Yz0=
gopkg.in/yaml.v3 v3.0.0-20200313102051-9f266ea9e77c h1:dUUwHk2QECo/6vqA44rthZ8ie2QXMNeKRTHCNY2nXvo=
gopkg.in/yaml.v3 v3.0.0-20200313102051-9f266ea9e77c/go.mod h1:K4uyk7z7BCEPqu6E+C64Yfv1cQ7kz7rIZviUmN+EgEM=
gopkg.in/yaml.v3 v3.0.0-20210107192922-496545a6307b h1:h8qDotaEPuJATrMmW04NCwg7v22aHH28wwpauUhK9Oo=
gopkg.in/yaml.v3 v3.0.0-20210107192922-496545a6307b/go.mod h1:K4uyk7z7BCEPqu6E+C64Yfv1cQ7kz7rIZviUmN+EgEM=
pgregory.net/rapid v0.4.7 h1:MTNRktPuv5FNqOO151TM9mDTa+XHcX6ypYeISDVD14g=
