github.com/davecgh/go-spew v1.1.0/go.mod h1:J7Y8YcW2NihsgmVo/mv3lAwl/skON4iLHjSsI+c5H38=
github.com/davecgh/go-spew v1.1.1 h1:vj9j/u1bqnvCEfJOwUhtlOARqs3+rkHYY13jYWTU97c=
github.com/davecgh/go-spew v1.1.1/go.mod h1:J7Y8YcW2NihsgmVo/mv3lAwl/skON4iLHjSsI+c5H38=
github.com/peterzeller/go-fun v0.0.0-20220507213501-ccff5bc78fc3 h1:SAzVgNycZbgZdT5qDQ7GUZdnUpUX9ShInTkk5Ak+hZQ=
github.com/peterzeller/go-fun v0.0.0-20220507213501-ccff5bc78fc3/go.mod h1:VFTb+doHRO3D3EZnW5Qm6gNznJl8+8Ps/3vCnsQ2P78=
github.com/peterzeller/go-fun v0.0.0-20220707210835-3c5c5902d22c h1:QyKX/L8SuWAyjkU84y+zRrU2tE6h8TJn6vMneFna0NY=
github.com/peterzeller/go-fun v0.0.0-20220707210835-3c5c5902d22c/go.mod h1:VFTb+doHRO3D3EZnW5Qm6gNznJl8+8Ps/3vCnsQ2P78=
github.com/peterzeller/go-fun v0.0.0-20220710102138-e2e29cf65b11 h1:USCEei7LyrFYKanyxXTFWnEI6d74PzaYjWzttLQRoh8=
github.com/peterzeller/go-fun v0.0.0-20220710102138-e2e29cf65b11/go.mod h1:VFTb+doHRO3D3EZnW5Qm6gNznJl8+8Ps/3vCnsQ2P78=
github.com/peterzeller/go-fun v0.0.0-20220710115810-c4257efe284c h1:W+4kSvCxPKJHdwMWCX6hIbaEYcLgMidZz99EFAJcn1Y=
github.com/peterzeller/go-fun v0.0.0-20220710115810-c4257efe284c/go.mod h1:VFTb+doHRO3D3EZnW5Qm6gNznJl8+8Ps/3vCnsQ2P78=
github.com/peterzeller/go-fun v0.0.0-20220710121805-fb1876de780e h1:DDwAwUXHgoG97IU8LTrM5MMD/kZxadLjhtAswizuVJE=
github.com/peterzeller/go-fun v0.0.0-20220710121805-fb1876de780e/go.mod h1:VFTb+doHRO3D3EZnW5Qm6gNznJl8+8Ps/3vCnsQ2P78=
github.com/peterzeller/go-fun v1.0.0 h1:upZUgkOWPMIhStRxrolq2O8qZo9IYwjZ+UNgS0tX7L4=
github.com/peterzeller/go-fun v1.0.0/go.mod h1:VFTb+doHRO3D3EZnW5Qm6gNznJl8+8Ps/3vCnsQ2P78=
github.com/peterzeller/go-fun v1.1.0 h1:uecLkELf2OYQkEbaCmuws3yR1LjDxspwCq670Aew4PQ=
github.com/peterzeller/go-fun v1.1.0/go.mod h1:VFTb+doHRO3D3EZnW5Qm6gNznJl8+8Ps/3vCnsQ2P78=
github.com/peterzeller/go-fun v1.1.1-0.20220728203436-ffd262f18b31 h1:WdeJHchHDY9lGlIojkZZ3IAttSXvYedA3ikA3rpQVUw=
github.com/peterzeller/go-fun v1.1.1-0.20220728203436-ffd262f18b31/go.mod h1:VFTb+doHRO3D3EZnW5Qm6gNznJl8+8Ps/3vCnsQ2P78=
github.com/peterzeller/go-fun v1.2.0 h1:ouWd60Yez82jwVQ8y2/knC5OZ/mbqskBL0GdbtQOJgE=
github.com/peterzeller/go-fun v1.2.0/go.mod h1:VFTb+doHRO3D3EZnW5Qm6gNznJl8+8Ps/3vCnsQ2P78=
github.com/pmezard/go-difflib v1.0.0 h1:4DBwDE0NGyQoBHbLQYPwSUPoCMWR5BEzIk/f1lZbAQM=
github.com/pmezard/go-difflib v1.0.0/go.mod h1:iKH77koFhYxTK1pcRnkKkqfTogsbg7gZNVY4sRDYZ/4=
github.com/stretchr/objx v0.1.0/go.mod h1:HFkY916IF+rwdDfMAkV7OtwuqBVzrE8GR6GFx+wExME=
github.com/stretchr/testify v1.7.1 h1:5TQK59W5E3v0r2duFAb7P95B6hEeOyEnHRa8MjYSMTY=
github.com/stretchr/testify v1.7.1/go.mod h1:6Fq8oRcR53rry900zMqJjRRixrwX3KX962/h/Wwjteg=
gopkg.in/check.v1 v0.0.0-20161208181325-20d25e280405 h1:yhCVgyC4o1eVCa2tZl7eS0r+SDo693bJlVdllGtEeKM=
gopkg.in/check.v1 v0.0.0-20161208181325-20d25e280405/go.mod h1:Co6ibVJAznAaIkqp8huTwlJQCZ016jof/cbN4VW5Yz0=
gopkg.in/yaml.v3 v3.0.0-20200313102051-9f266ea9e77c/go.mod h1:K4uyk7z7BCEPqu6E+C64Yfv1cQ7kz7rIZviUmN+EgEM=
gopkg.in/yaml.v3 v3.0.0-20210107192922-496545a6307b h1:h8qDotaEPuJATrMmW04NCwg7v22aHH28wwpauUhK9Oo=
gopkg.in/yaml.v3 v3.0.0-20210107192922-496545a6307b/go.mod h1:K4uyk7z7BCEPqu6E+C64Yfv1cQ7kz7rIZviUmN+EgEM=
pgregory.net/rapid v0.4.7 h1:MTNRktPuv5FNqOO151TM9mDTa+XHcX6ypYeISDVD14g=
